// !$*UTF8*$!
{
	archiveVersion = 1;
	classes = {
	};
	objectVersion = 46;
	objects = {

/* Begin PBXBuildFile section */
		39396E041E89023F0038F220 /* AppDelegate.swift in Sources */ = {isa = PBXBuildFile; fileRef = 39396E031E89023F0038F220 /* AppDelegate.swift */; };
		39396E061E89023F0038F220 /* ViewController.swift in Sources */ = {isa = PBXBuildFile; fileRef = 39396E051E89023F0038F220 /* ViewController.swift */; };
		39396E091E89023F0038F220 /* Main.storyboard in Resources */ = {isa = PBXBuildFile; fileRef = 39396E071E89023F0038F220 /* Main.storyboard */; };
		39396E0B1E89023F0038F220 /* Assets.xcassets in Resources */ = {isa = PBXBuildFile; fileRef = 39396E0A1E89023F0038F220 /* Assets.xcassets */; };
		39396E0E1E89023F0038F220 /* LaunchScreen.storyboard in Resources */ = {isa = PBXBuildFile; fileRef = 39396E0C1E89023F0038F220 /* LaunchScreen.storyboard */; };
		39396E161E89026D0038F220 /* DropLayer.swift in Sources */ = {isa = PBXBuildFile; fileRef = 39396E151E89026D0038F220 /* DropLayer.swift */; };
		39396E181E8BE94D0038F220 /* WavesLayer.swift in Sources */ = {isa = PBXBuildFile; fileRef = 39396E171E8BE94D0038F220 /* WavesLayer.swift */; };
		395ECB671E8EA38000003C2B /* NatureView.swift in Sources */ = {isa = PBXBuildFile; fileRef = 395ECB661E8EA38000003C2B /* NatureView.swift */; };
		395ECB691E93ADFB00003C2B /* SunLayer.swift in Sources */ = {isa = PBXBuildFile; fileRef = 395ECB681E93ADFB00003C2B /* SunLayer.swift */; };
		3965F9711E9544B2002EB723 /* UIImage + Ext.swift in Sources */ = {isa = PBXBuildFile; fileRef = 3965F9701E9544B2002EB723 /* UIImage + Ext.swift */; };
		3965F9731E96464B002EB723 /* WindmillLayer.swift in Sources */ = {isa = PBXBuildFile; fileRef = 3965F9721E96464B002EB723 /* WindmillLayer.swift */; };
/* End PBXBuildFile section */

/* Begin PBXFileReference section */
		39396E001E89023F0038F220 /* Drop.app */ = {isa = PBXFileReference; explicitFileType = wrapper.application; includeInIndex = 0; path = Drop.app; sourceTree = BUILT_PRODUCTS_DIR; };
		39396E031E89023F0038F220 /* AppDelegate.swift */ = {isa = PBXFileReference; lastKnownFileType = sourcecode.swift; path = AppDelegate.swift; sourceTree = "<group>"; };
		39396E051E89023F0038F220 /* ViewController.swift */ = {isa = PBXFileReference; lastKnownFileType = sourcecode.swift; path = ViewController.swift; sourceTree = "<group>"; };
		39396E081E89023F0038F220 /* Base */ = {isa = PBXFileReference; lastKnownFileType = file.storyboard; name = Base; path = Base.lproj/Main.storyboard; sourceTree = "<group>"; };
		39396E0A1E89023F0038F220 /* Assets.xcassets */ = {isa = PBXFileReference; lastKnownFileType = folder.assetcatalog; path = Assets.xcassets; sourceTree = "<group>"; };
		39396E0D1E89023F0038F220 /* Base */ = {isa = PBXFileReference; lastKnownFileType = file.storyboard; name = Base; path = Base.lproj/LaunchScreen.storyboard; sourceTree = "<group>"; };
		39396E0F1E89023F0038F220 /* Info.plist */ = {isa = PBXFileReference; lastKnownFileType = text.plist.xml; path = Info.plist; sourceTree = "<group>"; };
		39396E151E89026D0038F220 /* DropLayer.swift */ = {isa = PBXFileReference; fileEncoding = 4; lastKnownFileType = sourcecode.swift; path = DropLayer.swift; sourceTree = "<group>"; };
		39396E171E8BE94D0038F220 /* WavesLayer.swift */ = {isa = PBXFileReference; fileEncoding = 4; lastKnownFileType = sourcecode.swift; path = WavesLayer.swift; sourceTree = "<group>"; };
		395ECB661E8EA38000003C2B /* NatureView.swift */ = {isa = PBXFileReference; fileEncoding = 4; lastKnownFileType = sourcecode.swift; path = NatureView.swift; sourceTree = "<group>"; };
		395ECB681E93ADFB00003C2B /* SunLayer.swift */ = {isa = PBXFileReference; fileEncoding = 4; lastKnownFileType = sourcecode.swift; path = SunLayer.swift; sourceTree = "<group>"; };
		3965F9701E9544B2002EB723 /* UIImage + Ext.swift */ = {isa = PBXFileReference; fileEncoding = 4; lastKnownFileType = sourcecode.swift; path = "UIImage + Ext.swift"; sourceTree = "<group>"; };
		3965F9721E96464B002EB723 /* WindmillLayer.swift */ = {isa = PBXFileReference; fileEncoding = 4; lastKnownFileType = sourcecode.swift; path = WindmillLayer.swift; sourceTree = "<group>"; };
/* End PBXFileReference section */

/* Begin PBXFrameworksBuildPhase section */
		39396DFD1E89023F0038F220 /* Frameworks */ = {
			isa = PBXFrameworksBuildPhase;
			buildActionMask = 2147483647;
			files = (
			);
			runOnlyForDeploymentPostprocessing = 0;
		};
/* End PBXFrameworksBuildPhase section */

/* Begin PBXGroup section */
		39396DF71E89023F0038F220 = {
			isa = PBXGroup;
			children = (
				39396E021E89023F0038F220 /* Drop */,
				39396E011E89023F0038F220 /* Products */,
			);
			sourceTree = "<group>";
		};
		39396E011E89023F0038F220 /* Products */ = {
			isa = PBXGroup;
			children = (
				39396E001E89023F0038F220 /* Drop.app */,
			);
			name = Products;
			sourceTree = "<group>";
		};
		39396E021E89023F0038F220 /* Drop */ = {
			isa = PBXGroup;
			children = (
				395ECB681E93ADFB00003C2B /* SunLayer.swift */,
				39396E031E89023F0038F220 /* AppDelegate.swift */,
				39396E051E89023F0038F220 /* ViewController.swift */,
				39396E151E89026D0038F220 /* DropLayer.swift */,
				39396E171E8BE94D0038F220 /* WavesLayer.swift */,
				39396E071E89023F0038F220 /* Main.storyboard */,
				395ECB661E8EA38000003C2B /* NatureView.swift */,
				3965F9701E9544B2002EB723 /* UIImage + Ext.swift */,
				3965F9721E96464B002EB723 /* WindmillLayer.swift */,
				39396E0A1E89023F0038F220 /* Assets.xcassets */,
				39396E0C1E89023F0038F220 /* LaunchScreen.storyboard */,
				39396E0F1E89023F0038F220 /* Info.plist */,
			);
			path = Drop;
			sourceTree = "<group>";
		};
/* End PBXGroup section */

/* Begin PBXNativeTarget section */
		39396DFF1E89023F0038F220 /* Drop */ = {
			isa = PBXNativeTarget;
			buildConfigurationList = 39396E121E89023F0038F220 /* Build configuration list for PBXNativeTarget "Drop" */;
			buildPhases = (
				39396DFC1E89023F0038F220 /* Sources */,
				39396DFD1E89023F0038F220 /* Frameworks */,
				39396DFE1E89023F0038F220 /* Resources */,
			);
			buildRules = (
			);
			dependencies = (
			);
			name = Drop;
			productName = Drop;
			productReference = 39396E001E89023F0038F220 /* Drop.app */;
			productType = "com.apple.product-type.application";
		};
/* End PBXNativeTarget section */

/* Begin PBXProject section */
		39396DF81E89023F0038F220 /* Project object */ = {
			isa = PBXProject;
			attributes = {
				LastSwiftUpdateCheck = 0820;
				LastUpgradeCheck = 0820;
				ORGANIZATIONNAME = "Melaniia Hulianovych";
				TargetAttributes = {
					39396DFF1E89023F0038F220 = {
						CreatedOnToolsVersion = 8.2.1;
						ProvisioningStyle = Automatic;
					};
				};
			};
			buildConfigurationList = 39396DFB1E89023F0038F220 /* Build configuration list for PBXProject "Drop" */;
			compatibilityVersion = "Xcode 3.2";
			developmentRegion = English;
			hasScannedForEncodings = 0;
			knownRegions = (
				en,
				Base,
			);
			mainGroup = 39396DF71E89023F0038F220;
			productRefGroup = 39396E011E89023F0038F220 /* Products */;
			projectDirPath = "";
			projectRoot = "";
			targets = (
				39396DFF1E89023F0038F220 /* Drop */,
			);
		};
/* End PBXProject section */

/* Begin PBXResourcesBuildPhase section */
		39396DFE1E89023F0038F220 /* Resources */ = {
			isa = PBXResourcesBuildPhase;
			buildActionMask = 2147483647;
			files = (
				39396E0E1E89023F0038F220 /* LaunchScreen.storyboard in Resources */,
				39396E0B1E89023F0038F220 /* Assets.xcassets in Resources */,
				39396E091E89023F0038F220 /* Main.storyboard in Resources */,
			);
			runOnlyForDeploymentPostprocessing = 0;
		};
/* End PBXResourcesBuildPhase section */

/* Begin PBXSourcesBuildPhase section */
		39396DFC1E89023F0038F220 /* Sources */ = {
			isa = PBXSourcesBuildPhase;
			buildActionMask = 2147483647;
			files = (
				3965F9711E9544B2002EB723 /* UIImage + Ext.swift in Sources */,
				39396E061E89023F0038F220 /* ViewController.swift in Sources */,
				395ECB671E8EA38000003C2B /* NatureView.swift in Sources */,
				3965F9731E96464B002EB723 /* WindmillLayer.swift in Sources */,
				395ECB691E93ADFB00003C2B /* SunLayer.swift in Sources */,
				39396E161E89026D0038F220 /* DropLayer.swift in Sources */,
				39396E181E8BE94D0038F220 /* WavesLayer.swift in Sources */,
				39396E041E89023F0038F220 /* AppDelegate.swift in Sources */,
			);
			runOnlyForDeploymentPostprocessing = 0;
		};
/* End PBXSourcesBuildPhase section */

/* Begin PBXVariantGroup section */
		39396E071E89023F0038F220 /* Main.storyboard */ = {
			isa = PBXVariantGroup;
			children = (
				39396E081E89023F0038F220 /* Base */,
			);
			name = Main.storyboard;
			sourceTree = "<group>";
		};
		39396E0C1E89023F0038F220 /* LaunchScreen.storyboard */ = {
			isa = PBXVariantGroup;
			children = (
				39396E0D1E89023F0038F220 /* Base */,
			);
			name = LaunchScreen.storyboard;
			sourceTree = "<group>";
		};
/* End PBXVariantGroup section */

/* Begin XCBuildConfiguration section */
		39396E101E89023F0038F220 /* Debug */ = {
			isa = XCBuildConfiguration;
			buildSettings = {
				ALWAYS_SEARCH_USER_PATHS = NO;
				CLANG_ANALYZER_NONNULL = YES;
				CLANG_CXX_LANGUAGE_STANDARD = "gnu++0x";
				CLANG_CXX_LIBRARY = "libc++";
				CLANG_ENABLE_MODULES = YES;
				CLANG_ENABLE_OBJC_ARC = YES;
				CLANG_WARN_BOOL_CONVERSION = YES;
				CLANG_WARN_CONSTANT_CONVERSION = YES;
				CLANG_WARN_DIRECT_OBJC_ISA_USAGE = YES_ERROR;
				CLANG_WARN_DOCUMENTATION_COMMENTS = YES;
				CLANG_WARN_EMPTY_BODY = YES;
				CLANG_WARN_ENUM_CONVERSION = YES;
				CLANG_WARN_INFINITE_RECURSION = YES;
				CLANG_WARN_INT_CONVERSION = YES;
				CLANG_WARN_OBJC_ROOT_CLASS = YES_ERROR;
				CLANG_WARN_SUSPICIOUS_MOVE = YES;
				CLANG_WARN_UNREACHABLE_CODE = YES;
				CLANG_WARN__DUPLICATE_METHOD_MATCH = YES;
				"CODE_SIGN_IDENTITY[sdk=iphoneos*]" = "iPhone Developer";
				COPY_PHASE_STRIP = NO;
				DEBUG_INFORMATION_FORMAT = dwarf;
				ENABLE_STRICT_OBJC_MSGSEND = YES;
				ENABLE_TESTABILITY = YES;
				GCC_C_LANGUAGE_STANDARD = gnu99;
				GCC_DYNAMIC_NO_PIC = NO;
				GCC_NO_COMMON_BLOCKS = YES;
				GCC_OPTIMIZATION_LEVEL = 0;
				GCC_PREPROCESSOR_DEFINITIONS = (
					"DEBUG=1",
					"$(inherited)",
				);
				GCC_WARN_64_TO_32_BIT_CONVERSION = YES;
				GCC_WARN_ABOUT_RETURN_TYPE = YES_ERROR;
				GCC_WARN_UNDECLARED_SELECTOR = YES;
				GCC_WARN_UNINITIALIZED_AUTOS = YES_AGGRESSIVE;
				GCC_WARN_UNUSED_FUNCTION = YES;
				GCC_WARN_UNUSED_VARIABLE = YES;
				IPHONEOS_DEPLOYMENT_TARGET = 10.2;
				MTL_ENABLE_DEBUG_INFO = YES;
				ONLY_ACTIVE_ARCH = YES;
				SDKROOT = iphoneos;
				SWIFT_ACTIVE_COMPILATION_CONDITIONS = DEBUG;
				SWIFT_OPTIMIZATION_LEVEL = "-Onone";
				TARGETED_DEVICE_FAMILY = "1,2";
			};
			name = Debug;
		};
		39396E111E89023F0038F220 /* Release */ = {
			isa = XCBuildConfiguration;
			buildSettings = {
				ALWAYS_SEARCH_USER_PATHS = NO;
				CLANG_ANALYZER_NONNULL = YES;
				CLANG_CXX_LANGUAGE_STANDARD = "gnu++0x";
				CLANG_CXX_LIBRARY = "libc++";
				CLANG_ENABLE_MODULES = YES;
				CLANG_ENABLE_OBJC_ARC = YES;
				CLANG_WARN_BOOL_CONVERSION = YES;
				CLANG_WARN_CONSTANT_CONVERSION = YES;
				CLANG_WARN_DIRECT_OBJC_ISA_USAGE = YES_ERROR;
				CLANG_WARN_DOCUMENTATION_COMMENTS = YES;
				CLANG_WARN_EMPTY_BODY = YES;
				CLANG_WARN_ENUM_CONVERSION = YES;
				CLANG_WARN_INFINITE_RECURSION = YES;
				CLANG_WARN_INT_CONVERSION = YES;
				CLANG_WARN_OBJC_ROOT_CLASS = YES_ERROR;
				CLANG_WARN_SUSPICIOUS_MOVE = YES;
				CLANG_WARN_UNREACHABLE_CODE = YES;
				CLANG_WARN__DUPLICATE_METHOD_MATCH = YES;
				"CODE_SIGN_IDENTITY[sdk=iphoneos*]" = "iPhone Developer";
				COPY_PHASE_STRIP = NO;
				DEBUG_INFORMATION_FORMAT = "dwarf-with-dsym";
				ENABLE_NS_ASSERTIONS = NO;
				ENABLE_STRICT_OBJC_MSGSEND = YES;
				GCC_C_LANGUAGE_STANDARD = gnu99;
				GCC_NO_COMMON_BLOCKS = YES;
				GCC_WARN_64_TO_32_BIT_CONVERSION = YES;
				GCC_WARN_ABOUT_RETURN_TYPE = YES_ERROR;
				GCC_WARN_UNDECLARED_SELECTOR = YES;
				GCC_WARN_UNINITIALIZED_AUTOS = YES_AGGRESSIVE;
				GCC_WARN_UNUSED_FUNCTION = YES;
				GCC_WARN_UNUSED_VARIABLE = YES;
				IPHONEOS_DEPLOYMENT_TARGET = 10.2;
				MTL_ENABLE_DEBUG_INFO = NO;
				SDKROOT = iphoneos;
				SWIFT_OPTIMIZATION_LEVEL = "-Owholemodule";
				TARGETED_DEVICE_FAMILY = "1,2";
				VALIDATE_PRODUCT = YES;
			};
			name = Release;
		};
		39396E131E89023F0038F220 /* Debug */ = {
			isa = XCBuildConfiguration;
			buildSettings = {
				ASSETCATALOG_COMPILER_APPICON_NAME = AppIcon;
				INFOPLIST_FILE = Drop/Info.plist;
				LD_RUNPATH_SEARCH_PATHS = "$(inherited) @executable_path/Frameworks";
				PRODUCT_BUNDLE_IDENTIFIER = MH.Drop;
				PRODUCT_NAME = "$(TARGET_NAME)";
				SWIFT_VERSION = 3.0;
			};
			name = Debug;
		};
		39396E141E89023F0038F220 /* Release */ = {
			isa = XCBuildConfiguration;
			buildSettings = {
				ASSETCATALOG_COMPILER_APPICON_NAME = AppIcon;
				INFOPLIST_FILE = Drop/Info.plist;
				LD_RUNPATH_SEARCH_PATHS = "$(inherited) @executable_path/Frameworks";
				PRODUCT_BUNDLE_IDENTIFIER = MH.Drop;
				PRODUCT_NAME = "$(TARGET_NAME)";
				SWIFT_VERSION = 3.0;
			};
			name = Release;
		};
/* End XCBuildConfiguration section */

/* Begin XCConfigurationList section */
		39396DFB1E89023F0038F220 /* Build configuration list for PBXProject "Drop" */ = {
			isa = XCConfigurationList;
			buildConfigurations = (
				39396E101E89023F0038F220 /* Debug */,
				39396E111E89023F0038F220 /* Release */,
			);
			defaultConfigurationIsVisible = 0;
			defaultConfigurationName = Release;
		};
		39396E121E89023F0038F220 /* Build configuration list for PBXNativeTarget "Drop" */ = {
			isa = XCConfigurationList;
			buildConfigurations = (
				39396E131E89023F0038F220 /* Debug */,
				39396E141E89023F0038F220 /* Release */,
			);
			defaultConfigurationIsVisible = 0;
			defaultConfigurationName = Release;
		};
/* End XCConfigurationList section */
	};
	rootObject = 39396DF81E89023F0038F220 /* Project object */;
}
